// !$*UTF8*$!
{
	archiveVersion = 1;
	classes = {
	};
	objectVersion = 51;
	objects = {

/* Begin PBXBuildFile section */
		88062DB3248CCBE300BB47BC /* ProductDetailViewController.swift in Sources */ = {isa = PBXBuildFile; fileRef = 88062DB2248CCBE300BB47BC /* ProductDetailViewController.swift */; };
		88062DB5248CCCC000BB47BC /* ProductDetailViewController+Setup.swift in Sources */ = {isa = PBXBuildFile; fileRef = 88062DB4248CCCC000BB47BC /* ProductDetailViewController+Setup.swift */; };
		881B0203248787BD000A61B8 /* Product.swift in Sources */ = {isa = PBXBuildFile; fileRef = 881B0202248787BD000A61B8 /* Product.swift */; };
		883121D42486B9320096A4FE /* CategoryFeedCollectionViewController+Setup.swift in Sources */ = {isa = PBXBuildFile; fileRef = 883121D32486B9320096A4FE /* CategoryFeedCollectionViewController+Setup.swift */; };
		883121D62486B9CC0096A4FE /* CategoryFeedCollectionViewCell.swift in Sources */ = {isa = PBXBuildFile; fileRef = 883121D52486B9CC0096A4FE /* CategoryFeedCollectionViewCell.swift */; };
		8842D578248640D3001FC653 /* Auth+Setups.swift in Sources */ = {isa = PBXBuildFile; fileRef = 8842D577248640D3001FC653 /* Auth+Setups.swift */; };
		8842D57C248641B5001FC653 /* Main+Setup.swift in Sources */ = {isa = PBXBuildFile; fileRef = 8842D57B248641B5001FC653 /* Main+Setup.swift */; };
		8842D57E24864280001FC653 /* MainView+Setup.swift in Sources */ = {isa = PBXBuildFile; fileRef = 8842D57D24864280001FC653 /* MainView+Setup.swift */; };
		8842D58424864A53001FC653 /* AuthAlertBuilder.swift in Sources */ = {isa = PBXBuildFile; fileRef = 8842D58324864A53001FC653 /* AuthAlertBuilder.swift */; };
		8842D58724864B1B001FC653 /* AuthError.swift in Sources */ = {isa = PBXBuildFile; fileRef = 8842D58624864B1B001FC653 /* AuthError.swift */; };
		88437B8A2488DF1A00E207ED /* BottomBar.swift in Sources */ = {isa = PBXBuildFile; fileRef = 88437B892488DF1A00E207ED /* BottomBar.swift */; };
		8859AD24247D7814006B6C29 /* CityFinderService.swift in Sources */ = {isa = PBXBuildFile; fileRef = 8859AD23247D7814006B6C29 /* CityFinderService.swift */; };
		8867010C247B85E4002E2A8E /* GeodecoderService.swift in Sources */ = {isa = PBXBuildFile; fileRef = 8867010B247B85E4002E2A8E /* GeodecoderService.swift */; };
		8867010F247B96AF002E2A8E /* AuthViewController.swift in Sources */ = {isa = PBXBuildFile; fileRef = 8867010E247B96AE002E2A8E /* AuthViewController.swift */; };
		887BA3BC247A4A22009DCCE3 /* AppDelegate.swift in Sources */ = {isa = PBXBuildFile; fileRef = 887BA3BB247A4A22009DCCE3 /* AppDelegate.swift */; };
		887BA3BE247A4A22009DCCE3 /* SceneDelegate.swift in Sources */ = {isa = PBXBuildFile; fileRef = 887BA3BD247A4A22009DCCE3 /* SceneDelegate.swift */; };
		887BA3C0247A4A22009DCCE3 /* MainCollectionViewController.swift in Sources */ = {isa = PBXBuildFile; fileRef = 887BA3BF247A4A22009DCCE3 /* MainCollectionViewController.swift */; };
		887BA3C3247A4A22009DCCE3 /* Main.storyboard in Resources */ = {isa = PBXBuildFile; fileRef = 887BA3C1247A4A22009DCCE3 /* Main.storyboard */; };
		887BA3C5247A4A29009DCCE3 /* Assets.xcassets in Resources */ = {isa = PBXBuildFile; fileRef = 887BA3C4247A4A29009DCCE3 /* Assets.xcassets */; };
		887BA3C8247A4A29009DCCE3 /* LaunchScreen.storyboard in Resources */ = {isa = PBXBuildFile; fileRef = 887BA3C6247A4A29009DCCE3 /* LaunchScreen.storyboard */; };
		887BA3D0247A4B5E009DCCE3 /* MainCellModel.swift in Sources */ = {isa = PBXBuildFile; fileRef = 887BA3CF247A4B5E009DCCE3 /* MainCellModel.swift */; };
		887BA3D4247A4C4F009DCCE3 /* UIColor+Extension.swift in Sources */ = {isa = PBXBuildFile; fileRef = 887BA3D3247A4C4F009DCCE3 /* UIColor+Extension.swift */; };
		887BA3D6247A4CEA009DCCE3 /* MainViewConllectionViewCell.swift in Sources */ = {isa = PBXBuildFile; fileRef = 887BA3D5247A4CEA009DCCE3 /* MainViewConllectionViewCell.swift */; };
		887CEE522483C58700A63293 /* ArrowView.swift in Sources */ = {isa = PBXBuildFile; fileRef = 887CEE512483C58700A63293 /* ArrowView.swift */; };
		8881D57D2489391700B44D7A /* CategoryFeedHeaderCollectionViewCell.swift in Sources */ = {isa = PBXBuildFile; fileRef = 8881D57C2489391700B44D7A /* CategoryFeedHeaderCollectionViewCell.swift */; };
		88830D90247CF3D10034937F /* FindCityViewController.swift in Sources */ = {isa = PBXBuildFile; fileRef = 88830D8F247CF3D10034937F /* FindCityViewController.swift */; };
		88830D92247CFE6B0034937F /* FindCityHeader.swift in Sources */ = {isa = PBXBuildFile; fileRef = 88830D91247CFE6B0034937F /* FindCityHeader.swift */; };
		88C9296C248BDFF1002DE387 /* ExternalAccessory.framework in Frameworks */ = {isa = PBXBuildFile; fileRef = 88C9296B248BDFF1002DE387 /* ExternalAccessory.framework */; };
		88C9296E248BE3EE002DE387 /* AdsError.swift in Sources */ = {isa = PBXBuildFile; fileRef = 88C9296D248BE3EE002DE387 /* AdsError.swift */; };
		88C92971248BEB60002DE387 /* AdsAlertBuilder.swift in Sources */ = {isa = PBXBuildFile; fileRef = 88C92970248BEB5F002DE387 /* AdsAlertBuilder.swift */; };
		88CEAC472486B19C00347CD9 /* Category.swift in Sources */ = {isa = PBXBuildFile; fileRef = 88CEAC462486B19B00347CD9 /* Category.swift */; };
		88CEAC4A2486B56400347CD9 /* CategoryFeedViewController.swift in Sources */ = {isa = PBXBuildFile; fileRef = 88CEAC492486B56400347CD9 /* CategoryFeedViewController.swift */; };
		88D24CA824853D66005AED02 /* TeddyAPIService.swift in Sources */ = {isa = PBXBuildFile; fileRef = 88D24CA724853D65005AED02 /* TeddyAPIService.swift */; };
		88D358ED248A9EB800591129 /* UIView+Extension.swift in Sources */ = {isa = PBXBuildFile; fileRef = 88D358EC248A9EB800591129 /* UIView+Extension.swift */; };
		88EDD8772486B753000B4470 /* CategoryFeedHeader.swift in Sources */ = {isa = PBXBuildFile; fileRef = 88EDD8762486B753000B4470 /* CategoryFeedHeader.swift */; };
		B557B94001160DD560AE1C91 /* Pods_Teddy_seller.framework in Frameworks */ = {isa = PBXBuildFile; fileRef = 1A4DF609ADA841472DDCBB03 /* Pods_Teddy_seller.framework */; };
/* End PBXBuildFile section */

/* Begin PBXFileReference section */
		1A4DF609ADA841472DDCBB03 /* Pods_Teddy_seller.framework */ = {isa = PBXFileReference; explicitFileType = wrapper.framework; includeInIndex = 0; path = Pods_Teddy_seller.framework; sourceTree = BUILT_PRODUCTS_DIR; };
		288F54939A5637B6C9AD61A9 /* Pods-Teddy seller.release.xcconfig */ = {isa = PBXFileReference; includeInIndex = 1; lastKnownFileType = text.xcconfig; name = "Pods-Teddy seller.release.xcconfig"; path = "Target Support Files/Pods-Teddy seller/Pods-Teddy seller.release.xcconfig"; sourceTree = "<group>"; };
		88062DB2248CCBE300BB47BC /* ProductDetailViewController.swift */ = {isa = PBXFileReference; lastKnownFileType = sourcecode.swift; path = ProductDetailViewController.swift; sourceTree = "<group>"; };
		88062DB4248CCCC000BB47BC /* ProductDetailViewController+Setup.swift */ = {isa = PBXFileReference; lastKnownFileType = sourcecode.swift; path = "ProductDetailViewController+Setup.swift"; sourceTree = "<group>"; };
		881B0202248787BD000A61B8 /* Product.swift */ = {isa = PBXFileReference; lastKnownFileType = sourcecode.swift; path = Product.swift; sourceTree = "<group>"; };
		883121D32486B9320096A4FE /* CategoryFeedCollectionViewController+Setup.swift */ = {isa = PBXFileReference; lastKnownFileType = sourcecode.swift; path = "CategoryFeedCollectionViewController+Setup.swift"; sourceTree = "<group>"; };
		883121D52486B9CC0096A4FE /* CategoryFeedCollectionViewCell.swift */ = {isa = PBXFileReference; lastKnownFileType = sourcecode.swift; path = CategoryFeedCollectionViewCell.swift; sourceTree = "<group>"; };
		8842D577248640D3001FC653 /* Auth+Setups.swift */ = {isa = PBXFileReference; lastKnownFileType = sourcecode.swift; path = "Auth+Setups.swift"; sourceTree = "<group>"; };
		8842D57B248641B5001FC653 /* Main+Setup.swift */ = {isa = PBXFileReference; lastKnownFileType = sourcecode.swift; path = "Main+Setup.swift"; sourceTree = "<group>"; };
		8842D57D24864280001FC653 /* MainView+Setup.swift */ = {isa = PBXFileReference; lastKnownFileType = sourcecode.swift; path = "MainView+Setup.swift"; sourceTree = "<group>"; };
		8842D58324864A53001FC653 /* AuthAlertBuilder.swift */ = {isa = PBXFileReference; lastKnownFileType = sourcecode.swift; path = AuthAlertBuilder.swift; sourceTree = "<group>"; };
		8842D58624864B1B001FC653 /* AuthError.swift */ = {isa = PBXFileReference; lastKnownFileType = sourcecode.swift; path = AuthError.swift; sourceTree = "<group>"; };
		88437B892488DF1A00E207ED /* BottomBar.swift */ = {isa = PBXFileReference; lastKnownFileType = sourcecode.swift; path = BottomBar.swift; sourceTree = "<group>"; };
		8859AD23247D7814006B6C29 /* CityFinderService.swift */ = {isa = PBXFileReference; lastKnownFileType = sourcecode.swift; path = CityFinderService.swift; sourceTree = "<group>"; };
		8867010B247B85E4002E2A8E /* GeodecoderService.swift */ = {isa = PBXFileReference; lastKnownFileType = sourcecode.swift; path = GeodecoderService.swift; sourceTree = "<group>"; };
		8867010E247B96AE002E2A8E /* AuthViewController.swift */ = {isa = PBXFileReference; lastKnownFileType = sourcecode.swift; path = AuthViewController.swift; sourceTree = "<group>"; };
		887BA3B8247A4A22009DCCE3 /* Teddy seller.app */ = {isa = PBXFileReference; explicitFileType = wrapper.application; includeInIndex = 0; path = "Teddy seller.app"; sourceTree = BUILT_PRODUCTS_DIR; };
		887BA3BB247A4A22009DCCE3 /* AppDelegate.swift */ = {isa = PBXFileReference; lastKnownFileType = sourcecode.swift; path = AppDelegate.swift; sourceTree = "<group>"; };
		887BA3BD247A4A22009DCCE3 /* SceneDelegate.swift */ = {isa = PBXFileReference; lastKnownFileType = sourcecode.swift; path = SceneDelegate.swift; sourceTree = "<group>"; };
		887BA3BF247A4A22009DCCE3 /* MainCollectionViewController.swift */ = {isa = PBXFileReference; lastKnownFileType = sourcecode.swift; path = MainCollectionViewController.swift; sourceTree = "<group>"; };
		887BA3C2247A4A22009DCCE3 /* Base */ = {isa = PBXFileReference; lastKnownFileType = file.storyboard; name = Base; path = Base.lproj/Main.storyboard; sourceTree = "<group>"; };
		887BA3C4247A4A29009DCCE3 /* Assets.xcassets */ = {isa = PBXFileReference; lastKnownFileType = folder.assetcatalog; path = Assets.xcassets; sourceTree = "<group>"; };
		887BA3C7247A4A29009DCCE3 /* Base */ = {isa = PBXFileReference; lastKnownFileType = file.storyboard; name = Base; path = Base.lproj/LaunchScreen.storyboard; sourceTree = "<group>"; };
		887BA3C9247A4A29009DCCE3 /* Info.plist */ = {isa = PBXFileReference; lastKnownFileType = text.plist.xml; path = Info.plist; sourceTree = "<group>"; };
		887BA3CF247A4B5E009DCCE3 /* MainCellModel.swift */ = {isa = PBXFileReference; fileEncoding = 4; lastKnownFileType = sourcecode.swift; path = MainCellModel.swift; sourceTree = "<group>"; };
		887BA3D3247A4C4F009DCCE3 /* UIColor+Extension.swift */ = {isa = PBXFileReference; lastKnownFileType = sourcecode.swift; path = "UIColor+Extension.swift"; sourceTree = "<group>"; };
		887BA3D5247A4CEA009DCCE3 /* MainViewConllectionViewCell.swift */ = {isa = PBXFileReference; lastKnownFileType = sourcecode.swift; path = MainViewConllectionViewCell.swift; sourceTree = "<group>"; };
		887CEE512483C58700A63293 /* ArrowView.swift */ = {isa = PBXFileReference; lastKnownFileType = sourcecode.swift; path = ArrowView.swift; sourceTree = "<group>"; };
		8881D57C2489391700B44D7A /* CategoryFeedHeaderCollectionViewCell.swift */ = {isa = PBXFileReference; lastKnownFileType = sourcecode.swift; path = CategoryFeedHeaderCollectionViewCell.swift; sourceTree = "<group>"; };
		88830D8F247CF3D10034937F /* FindCityViewController.swift */ = {isa = PBXFileReference; lastKnownFileType = sourcecode.swift; path = FindCityViewController.swift; sourceTree = "<group>"; };
		88830D91247CFE6B0034937F /* FindCityHeader.swift */ = {isa = PBXFileReference; lastKnownFileType = sourcecode.swift; path = FindCityHeader.swift; sourceTree = "<group>"; };
		88C9296B248BDFF1002DE387 /* ExternalAccessory.framework */ = {isa = PBXFileReference; lastKnownFileType = wrapper.framework; name = ExternalAccessory.framework; path = System/Library/Frameworks/ExternalAccessory.framework; sourceTree = SDKROOT; };
		88C9296D248BE3EE002DE387 /* AdsError.swift */ = {isa = PBXFileReference; lastKnownFileType = sourcecode.swift; path = AdsError.swift; sourceTree = "<group>"; };
		88C92970248BEB5F002DE387 /* AdsAlertBuilder.swift */ = {isa = PBXFileReference; lastKnownFileType = sourcecode.swift; path = AdsAlertBuilder.swift; sourceTree = "<group>"; };
		88CEAC462486B19B00347CD9 /* Category.swift */ = {isa = PBXFileReference; lastKnownFileType = sourcecode.swift; path = Category.swift; sourceTree = "<group>"; };
		88CEAC492486B56400347CD9 /* CategoryFeedViewController.swift */ = {isa = PBXFileReference; lastKnownFileType = sourcecode.swift; path = CategoryFeedViewController.swift; sourceTree = "<group>"; };
		88D24CA724853D65005AED02 /* TeddyAPIService.swift */ = {isa = PBXFileReference; lastKnownFileType = sourcecode.swift; path = TeddyAPIService.swift; sourceTree = "<group>"; };
		88D358EC248A9EB800591129 /* UIView+Extension.swift */ = {isa = PBXFileReference; lastKnownFileType = sourcecode.swift; path = "UIView+Extension.swift"; sourceTree = "<group>"; };
		88EDD8762486B753000B4470 /* CategoryFeedHeader.swift */ = {isa = PBXFileReference; lastKnownFileType = sourcecode.swift; path = CategoryFeedHeader.swift; sourceTree = "<group>"; };
		C12F9AABB3D7FEEF43272273 /* Pods-Teddy seller.debug.xcconfig */ = {isa = PBXFileReference; includeInIndex = 1; lastKnownFileType = text.xcconfig; name = "Pods-Teddy seller.debug.xcconfig"; path = "Target Support Files/Pods-Teddy seller/Pods-Teddy seller.debug.xcconfig"; sourceTree = "<group>"; };
/* End PBXFileReference section */

/* Begin PBXFrameworksBuildPhase section */
		887BA3B5247A4A22009DCCE3 /* Frameworks */ = {
			isa = PBXFrameworksBuildPhase;
			buildActionMask = 2147483647;
			files = (
				88C9296C248BDFF1002DE387 /* ExternalAccessory.framework in Frameworks */,
				B557B94001160DD560AE1C91 /* Pods_Teddy_seller.framework in Frameworks */,
			);
			runOnlyForDeploymentPostprocessing = 0;
		};
/* End PBXFrameworksBuildPhase section */

/* Begin PBXGroup section */
		5E762BBAEFBDAD945F3035DA /* Frameworks */ = {
			isa = PBXGroup;
			children = (
				88C9296B248BDFF1002DE387 /* ExternalAccessory.framework */,
				1A4DF609ADA841472DDCBB03 /* Pods_Teddy_seller.framework */,
			);
			name = Frameworks;
			sourceTree = "<group>";
		};
		61A4D49D80B677CA474CC8AB /* Pods */ = {
			isa = PBXGroup;
			children = (
				C12F9AABB3D7FEEF43272273 /* Pods-Teddy seller.debug.xcconfig */,
				288F54939A5637B6C9AD61A9 /* Pods-Teddy seller.release.xcconfig */,
			);
			path = Pods;
			sourceTree = "<group>";
		};
		88062DB0248CCBB500BB47BC /* ProductDetailModule */ = {
			isa = PBXGroup;
			children = (
				88062DB1248CCBD100BB47BC /* Controller */,
			);
			path = ProductDetailModule;
			sourceTree = "<group>";
		};
		88062DB1248CCBD100BB47BC /* Controller */ = {
			isa = PBXGroup;
			children = (
				88062DB2248CCBE300BB47BC /* ProductDetailViewController.swift */,
				88062DB4248CCCC000BB47BC /* ProductDetailViewController+Setup.swift */,
			);
			path = Controller;
			sourceTree = "<group>";
		};
		8842D57F248642A7001FC653 /* MainView */ = {
			isa = PBXGroup;
			children = (
				887BA3D5247A4CEA009DCCE3 /* MainViewConllectionViewCell.swift */,
				8842D57D24864280001FC653 /* MainView+Setup.swift */,
			);
			path = MainView;
			sourceTree = "<group>";
		};
		8842D580248649BD001FC653 /* PresentationLayer */ = {
			isa = PBXGroup;
			children = (
				8842D58524864AF8001FC653 /* Model */,
				88062DB0248CCBB500BB47BC /* ProductDetailModule */,
				88CEAC482486B54500347CD9 /* CategoryFeedModule */,
				88830D8E247CF3960034937F /* FindCityModule */,
				8867010D247B9674002E2A8E /* AuthModule */,
				887BA3D1247A4C29009DCCE3 /* MainModule */,
			);
			path = PresentationLayer;
			sourceTree = "<group>";
		};
		8842D581248649EA001FC653 /* Builders */ = {
			isa = PBXGroup;
			children = (
				8842D58324864A53001FC653 /* AuthAlertBuilder.swift */,
				88C92970248BEB5F002DE387 /* AdsAlertBuilder.swift */,
			);
			path = Builders;
			sourceTree = "<group>";
		};
		8842D582248649FA001FC653 /* CoreLayer */ = {
			isa = PBXGroup;
			children = (
				8842D581248649EA001FC653 /* Builders */,
				887BA3D2247A4C38009DCCE3 /* Extensions */,
			);
			path = CoreLayer;
			sourceTree = "<group>";
		};
		8842D58524864AF8001FC653 /* Model */ = {
			isa = PBXGroup;
			children = (
				887BA3CF247A4B5E009DCCE3 /* MainCellModel.swift */,
				88C9296F248BE522002DE387 /* Errors */,
				88CEAC462486B19B00347CD9 /* Category.swift */,
				881B0202248787BD000A61B8 /* Product.swift */,
			);
			path = Model;
			sourceTree = "<group>";
		};
		8867010A247B85B2002E2A8E /* ServiceLayer */ = {
			isa = PBXGroup;
			children = (
				8867010B247B85E4002E2A8E /* GeodecoderService.swift */,
				8859AD23247D7814006B6C29 /* CityFinderService.swift */,
				88D24CA724853D65005AED02 /* TeddyAPIService.swift */,
			);
			path = ServiceLayer;
			sourceTree = "<group>";
		};
		8867010D247B9674002E2A8E /* AuthModule */ = {
			isa = PBXGroup;
			children = (
				8867010E247B96AE002E2A8E /* AuthViewController.swift */,
				8842D577248640D3001FC653 /* Auth+Setups.swift */,
			);
			path = AuthModule;
			sourceTree = "<group>";
		};
		88670110247BA01D002E2A8E /* SupportingFiles */ = {
			isa = PBXGroup;
			children = (
				887BA3BB247A4A22009DCCE3 /* AppDelegate.swift */,
				887BA3BD247A4A22009DCCE3 /* SceneDelegate.swift */,
				887BA3C1247A4A22009DCCE3 /* Main.storyboard */,
				887BA3C4247A4A29009DCCE3 /* Assets.xcassets */,
				887BA3C6247A4A29009DCCE3 /* LaunchScreen.storyboard */,
			);
			path = SupportingFiles;
			sourceTree = "<group>";
		};
		887BA3AF247A4A22009DCCE3 = {
			isa = PBXGroup;
			children = (
				887BA3BA247A4A22009DCCE3 /* Teddy seller */,
				887BA3B9247A4A22009DCCE3 /* Products */,
				61A4D49D80B677CA474CC8AB /* Pods */,
				5E762BBAEFBDAD945F3035DA /* Frameworks */,
			);
			sourceTree = "<group>";
		};
		887BA3B9247A4A22009DCCE3 /* Products */ = {
			isa = PBXGroup;
			children = (
				887BA3B8247A4A22009DCCE3 /* Teddy seller.app */,
			);
			name = Products;
			sourceTree = "<group>";
		};
		887BA3BA247A4A22009DCCE3 /* Teddy seller */ = {
			isa = PBXGroup;
			children = (
				8842D580248649BD001FC653 /* PresentationLayer */,
				8867010A247B85B2002E2A8E /* ServiceLayer */,
				8842D582248649FA001FC653 /* CoreLayer */,
				887BA3C9247A4A29009DCCE3 /* Info.plist */,
				88670110247BA01D002E2A8E /* SupportingFiles */,
			);
			path = "Teddy seller";
			sourceTree = "<group>";
		};
		887BA3D1247A4C29009DCCE3 /* MainModule */ = {
			isa = PBXGroup;
			children = (
				888CC0D8247A8126006E6930 /* Controller */,
				888CC0DA247A813D006E6930 /* View */,
			);
			path = MainModule;
			sourceTree = "<group>";
		};
		887BA3D2247A4C38009DCCE3 /* Extensions */ = {
			isa = PBXGroup;
			children = (
				887BA3D3247A4C4F009DCCE3 /* UIColor+Extension.swift */,
				88D358EC248A9EB800591129 /* UIView+Extension.swift */,
			);
			path = Extensions;
			sourceTree = "<group>";
		};
		8881D57B248938FA00B44D7A /* CategoryHeader */ = {
			isa = PBXGroup;
			children = (
				88EDD8762486B753000B4470 /* CategoryFeedHeader.swift */,
				8881D57C2489391700B44D7A /* CategoryFeedHeaderCollectionViewCell.swift */,
			);
			path = CategoryHeader;
			sourceTree = "<group>";
		};
		88830D8E247CF3960034937F /* FindCityModule */ = {
			isa = PBXGroup;
			children = (
				88830D93247D00830034937F /* Controller */,
				88830D94247D008B0034937F /* View */,
			);
			path = FindCityModule;
			sourceTree = "<group>";
		};
		88830D93247D00830034937F /* Controller */ = {
			isa = PBXGroup;
			children = (
				88830D8F247CF3D10034937F /* FindCityViewController.swift */,
			);
			path = Controller;
			sourceTree = "<group>";
		};
		88830D94247D008B0034937F /* View */ = {
			isa = PBXGroup;
			children = (
				88830D91247CFE6B0034937F /* FindCityHeader.swift */,
			);
			path = View;
			sourceTree = "<group>";
		};
		888CC0D8247A8126006E6930 /* Controller */ = {
			isa = PBXGroup;
			children = (
				887BA3BF247A4A22009DCCE3 /* MainCollectionViewController.swift */,
				8842D57B248641B5001FC653 /* Main+Setup.swift */,
			);
			path = Controller;
			sourceTree = "<group>";
		};
		888CC0DA247A813D006E6930 /* View */ = {
			isa = PBXGroup;
			children = (
				8842D57F248642A7001FC653 /* MainView */,
				887CEE512483C58700A63293 /* ArrowView.swift */,
			);
			path = View;
			sourceTree = "<group>";
		};
		88C9296F248BE522002DE387 /* Errors */ = {
			isa = PBXGroup;
			children = (
				8842D58624864B1B001FC653 /* AuthError.swift */,
				88C9296D248BE3EE002DE387 /* AdsError.swift */,
			);
			path = Errors;
			sourceTree = "<group>";
		};
		88CEAC482486B54500347CD9 /* CategoryFeedModule */ = {
			isa = PBXGroup;
			children = (
				88EDD8752486B70B000B4470 /* View */,
				88CEAC4B2486B5FA00347CD9 /* Controller */,
			);
			path = CategoryFeedModule;
			sourceTree = "<group>";
		};
		88CEAC4B2486B5FA00347CD9 /* Controller */ = {
			isa = PBXGroup;
			children = (
				88CEAC492486B56400347CD9 /* CategoryFeedViewController.swift */,
				883121D32486B9320096A4FE /* CategoryFeedCollectionViewController+Setup.swift */,
			);
			path = Controller;
			sourceTree = "<group>";
		};
		88EDD8752486B70B000B4470 /* View */ = {
			isa = PBXGroup;
			children = (
				8881D57B248938FA00B44D7A /* CategoryHeader */,
				883121D52486B9CC0096A4FE /* CategoryFeedCollectionViewCell.swift */,
				88437B892488DF1A00E207ED /* BottomBar.swift */,
			);
			path = View;
			sourceTree = "<group>";
		};
/* End PBXGroup section */

/* Begin PBXNativeTarget section */
		887BA3B7247A4A22009DCCE3 /* Teddy seller */ = {
			isa = PBXNativeTarget;
			buildConfigurationList = 887BA3CC247A4A29009DCCE3 /* Build configuration list for PBXNativeTarget "Teddy seller" */;
			buildPhases = (
				4990C035B65FF1F4FDEAC9DE /* [CP] Check Pods Manifest.lock */,
				887BA3B4247A4A22009DCCE3 /* Sources */,
				887BA3B5247A4A22009DCCE3 /* Frameworks */,
				887BA3B6247A4A22009DCCE3 /* Resources */,
				158F5EF79611198C02D88769 /* [CP] Embed Pods Frameworks */,
			);
			buildRules = (
			);
			dependencies = (
			);
			name = "Teddy seller";
			productName = "Teddy seller";
			productReference = 887BA3B8247A4A22009DCCE3 /* Teddy seller.app */;
			productType = "com.apple.product-type.application";
		};
/* End PBXNativeTarget section */

/* Begin PBXProject section */
		887BA3B0247A4A22009DCCE3 /* Project object */ = {
			isa = PBXProject;
			attributes = {
				LastSwiftUpdateCheck = 1140;
				LastUpgradeCheck = 1140;
				ORGANIZATIONNAME = "Максим Алексеев";
				TargetAttributes = {
					887BA3B7247A4A22009DCCE3 = {
						CreatedOnToolsVersion = 11.4.1;
					};
				};
			};
			buildConfigurationList = 887BA3B3247A4A22009DCCE3 /* Build configuration list for PBXProject "Teddy seller" */;
			compatibilityVersion = "Xcode 9.3";
			developmentRegion = en;
			hasScannedForEncodings = 0;
			knownRegions = (
				en,
				Base,
			);
			mainGroup = 887BA3AF247A4A22009DCCE3;
			productRefGroup = 887BA3B9247A4A22009DCCE3 /* Products */;
			projectDirPath = "";
			projectRoot = "";
			targets = (
				887BA3B7247A4A22009DCCE3 /* Teddy seller */,
			);
		};
/* End PBXProject section */

/* Begin PBXResourcesBuildPhase section */
		887BA3B6247A4A22009DCCE3 /* Resources */ = {
			isa = PBXResourcesBuildPhase;
			buildActionMask = 2147483647;
			files = (
				887BA3C8247A4A29009DCCE3 /* LaunchScreen.storyboard in Resources */,
				887BA3C5247A4A29009DCCE3 /* Assets.xcassets in Resources */,
				887BA3C3247A4A22009DCCE3 /* Main.storyboard in Resources */,
			);
			runOnlyForDeploymentPostprocessing = 0;
		};
/* End PBXResourcesBuildPhase section */

/* Begin PBXShellScriptBuildPhase section */
		158F5EF79611198C02D88769 /* [CP] Embed Pods Frameworks */ = {
			isa = PBXShellScriptBuildPhase;
			buildActionMask = 2147483647;
			files = (
			);
			inputFileListPaths = (
				"${PODS_ROOT}/Target Support Files/Pods-Teddy seller/Pods-Teddy seller-frameworks-${CONFIGURATION}-input-files.xcfilelist",
			);
			name = "[CP] Embed Pods Frameworks";
			outputFileListPaths = (
				"${PODS_ROOT}/Target Support Files/Pods-Teddy seller/Pods-Teddy seller-frameworks-${CONFIGURATION}-output-files.xcfilelist",
			);
			runOnlyForDeploymentPostprocessing = 0;
			shellPath = /bin/sh;
			shellScript = "\"${PODS_ROOT}/Target Support Files/Pods-Teddy seller/Pods-Teddy seller-frameworks.sh\"\n";
			showEnvVarsInLog = 0;
		};
		4990C035B65FF1F4FDEAC9DE /* [CP] Check Pods Manifest.lock */ = {
			isa = PBXShellScriptBuildPhase;
			buildActionMask = 2147483647;
			files = (
			);
			inputFileListPaths = (
			);
			inputPaths = (
				"${PODS_PODFILE_DIR_PATH}/Podfile.lock",
				"${PODS_ROOT}/Manifest.lock",
			);
			name = "[CP] Check Pods Manifest.lock";
			outputFileListPaths = (
			);
			outputPaths = (
				"$(DERIVED_FILE_DIR)/Pods-Teddy seller-checkManifestLockResult.txt",
			);
			runOnlyForDeploymentPostprocessing = 0;
			shellPath = /bin/sh;
			shellScript = "diff \"${PODS_PODFILE_DIR_PATH}/Podfile.lock\" \"${PODS_ROOT}/Manifest.lock\" > /dev/null\nif [ $? != 0 ] ; then\n    # print error to STDERR\n    echo \"error: The sandbox is not in sync with the Podfile.lock. Run 'pod install' or update your CocoaPods installation.\" >&2\n    exit 1\nfi\n# This output is used by Xcode 'outputs' to avoid re-running this script phase.\necho \"SUCCESS\" > \"${SCRIPT_OUTPUT_FILE_0}\"\n";
			showEnvVarsInLog = 0;
		};
/* End PBXShellScriptBuildPhase section */

/* Begin PBXSourcesBuildPhase section */
		887BA3B4247A4A22009DCCE3 /* Sources */ = {
			isa = PBXSourcesBuildPhase;
			buildActionMask = 2147483647;
			files = (
				887BA3D0247A4B5E009DCCE3 /* MainCellModel.swift in Sources */,
				88437B8A2488DF1A00E207ED /* BottomBar.swift in Sources */,
				8867010C247B85E4002E2A8E /* GeodecoderService.swift in Sources */,
				88CEAC4A2486B56400347CD9 /* CategoryFeedViewController.swift in Sources */,
				8842D58424864A53001FC653 /* AuthAlertBuilder.swift in Sources */,
				883121D62486B9CC0096A4FE /* CategoryFeedCollectionViewCell.swift in Sources */,
				88EDD8772486B753000B4470 /* CategoryFeedHeader.swift in Sources */,
				887BA3C0247A4A22009DCCE3 /* MainCollectionViewController.swift in Sources */,
				8859AD24247D7814006B6C29 /* CityFinderService.swift in Sources */,
				887BA3BC247A4A22009DCCE3 /* AppDelegate.swift in Sources */,
				8842D58724864B1B001FC653 /* AuthError.swift in Sources */,
				88C9296E248BE3EE002DE387 /* AdsError.swift in Sources */,
				88830D92247CFE6B0034937F /* FindCityHeader.swift in Sources */,
				88D358ED248A9EB800591129 /* UIView+Extension.swift in Sources */,
				883121D42486B9320096A4FE /* CategoryFeedCollectionViewController+Setup.swift in Sources */,
				88830D90247CF3D10034937F /* FindCityViewController.swift in Sources */,
				88CEAC472486B19C00347CD9 /* Category.swift in Sources */,
				88062DB3248CCBE300BB47BC /* ProductDetailViewController.swift in Sources */,
				8867010F247B96AF002E2A8E /* AuthViewController.swift in Sources */,
				887CEE522483C58700A63293 /* ArrowView.swift in Sources */,
				8842D578248640D3001FC653 /* Auth+Setups.swift in Sources */,
				881B0203248787BD000A61B8 /* Product.swift in Sources */,
				88C92971248BEB60002DE387 /* AdsAlertBuilder.swift in Sources */,
				88062DB5248CCCC000BB47BC /* ProductDetailViewController+Setup.swift in Sources */,
				88D24CA824853D66005AED02 /* TeddyAPIService.swift in Sources */,
				8842D57E24864280001FC653 /* MainView+Setup.swift in Sources */,
				887BA3D6247A4CEA009DCCE3 /* MainViewConllectionViewCell.swift in Sources */,
				887BA3BE247A4A22009DCCE3 /* SceneDelegate.swift in Sources */,
				887BA3D4247A4C4F009DCCE3 /* UIColor+Extension.swift in Sources */,
				8881D57D2489391700B44D7A /* CategoryFeedHeaderCollectionViewCell.swift in Sources */,
				8842D57C248641B5001FC653 /* Main+Setup.swift in Sources */,
			);
			runOnlyForDeploymentPostprocessing = 0;
		};
/* End PBXSourcesBuildPhase section */

/* Begin PBXVariantGroup section */
		887BA3C1247A4A22009DCCE3 /* Main.storyboard */ = {
			isa = PBXVariantGroup;
			children = (
				887BA3C2247A4A22009DCCE3 /* Base */,
			);
			name = Main.storyboard;
			sourceTree = "<group>";
		};
		887BA3C6247A4A29009DCCE3 /* LaunchScreen.storyboard */ = {
			isa = PBXVariantGroup;
			children = (
				887BA3C7247A4A29009DCCE3 /* Base */,
			);
			name = LaunchScreen.storyboard;
			sourceTree = "<group>";
		};
/* End PBXVariantGroup section */

/* Begin XCBuildConfiguration section */
		887BA3CA247A4A29009DCCE3 /* Debug */ = {
			isa = XCBuildConfiguration;
			buildSettings = {
				ALWAYS_SEARCH_USER_PATHS = NO;
				CLANG_ANALYZER_NONNULL = YES;
				CLANG_ANALYZER_NUMBER_OBJECT_CONVERSION = YES_AGGRESSIVE;
				CLANG_CXX_LANGUAGE_STANDARD = "gnu++14";
				CLANG_CXX_LIBRARY = "libc++";
				CLANG_ENABLE_MODULES = YES;
				CLANG_ENABLE_OBJC_ARC = YES;
				CLANG_ENABLE_OBJC_WEAK = YES;
				CLANG_WARN_BLOCK_CAPTURE_AUTORELEASING = YES;
				CLANG_WARN_BOOL_CONVERSION = YES;
				CLANG_WARN_COMMA = YES;
				CLANG_WARN_CONSTANT_CONVERSION = YES;
				CLANG_WARN_DEPRECATED_OBJC_IMPLEMENTATIONS = YES;
				CLANG_WARN_DIRECT_OBJC_ISA_USAGE = YES_ERROR;
				CLANG_WARN_DOCUMENTATION_COMMENTS = YES;
				CLANG_WARN_EMPTY_BODY = YES;
				CLANG_WARN_ENUM_CONVERSION = YES;
				CLANG_WARN_INFINITE_RECURSION = YES;
				CLANG_WARN_INT_CONVERSION = YES;
				CLANG_WARN_NON_LITERAL_NULL_CONVERSION = YES;
				CLANG_WARN_OBJC_IMPLICIT_RETAIN_SELF = YES;
				CLANG_WARN_OBJC_LITERAL_CONVERSION = YES;
				CLANG_WARN_OBJC_ROOT_CLASS = YES_ERROR;
				CLANG_WARN_RANGE_LOOP_ANALYSIS = YES;
				CLANG_WARN_STRICT_PROTOTYPES = YES;
				CLANG_WARN_SUSPICIOUS_MOVE = YES;
				CLANG_WARN_UNGUARDED_AVAILABILITY = YES_AGGRESSIVE;
				CLANG_WARN_UNREACHABLE_CODE = YES;
				CLANG_WARN__DUPLICATE_METHOD_MATCH = YES;
				COPY_PHASE_STRIP = NO;
				DEBUG_INFORMATION_FORMAT = dwarf;
				ENABLE_STRICT_OBJC_MSGSEND = YES;
				ENABLE_TESTABILITY = YES;
				GCC_C_LANGUAGE_STANDARD = gnu11;
				GCC_DYNAMIC_NO_PIC = NO;
				GCC_NO_COMMON_BLOCKS = YES;
				GCC_OPTIMIZATION_LEVEL = 0;
				GCC_PREPROCESSOR_DEFINITIONS = (
					"DEBUG=1",
					"$(inherited)",
				);
				GCC_WARN_64_TO_32_BIT_CONVERSION = YES;
				GCC_WARN_ABOUT_RETURN_TYPE = YES_ERROR;
				GCC_WARN_UNDECLARED_SELECTOR = YES;
				GCC_WARN_UNINITIALIZED_AUTOS = YES_AGGRESSIVE;
				GCC_WARN_UNUSED_FUNCTION = YES;
				GCC_WARN_UNUSED_VARIABLE = YES;
				IPHONEOS_DEPLOYMENT_TARGET = 13.4;
				MTL_ENABLE_DEBUG_INFO = INCLUDE_SOURCE;
				MTL_FAST_MATH = YES;
				ONLY_ACTIVE_ARCH = YES;
				SDKROOT = iphoneos;
				SWIFT_ACTIVE_COMPILATION_CONDITIONS = DEBUG;
				SWIFT_OPTIMIZATION_LEVEL = "-Onone";
			};
			name = Debug;
		};
		887BA3CB247A4A29009DCCE3 /* Release */ = {
			isa = XCBuildConfiguration;
			buildSettings = {
				ALWAYS_SEARCH_USER_PATHS = NO;
				CLANG_ANALYZER_NONNULL = YES;
				CLANG_ANALYZER_NUMBER_OBJECT_CONVERSION = YES_AGGRESSIVE;
				CLANG_CXX_LANGUAGE_STANDARD = "gnu++14";
				CLANG_CXX_LIBRARY = "libc++";
				CLANG_ENABLE_MODULES = YES;
				CLANG_ENABLE_OBJC_ARC = YES;
				CLANG_ENABLE_OBJC_WEAK = YES;
				CLANG_WARN_BLOCK_CAPTURE_AUTORELEASING = YES;
				CLANG_WARN_BOOL_CONVERSION = YES;
				CLANG_WARN_COMMA = YES;
				CLANG_WARN_CONSTANT_CONVERSION = YES;
				CLANG_WARN_DEPRECATED_OBJC_IMPLEMENTATIONS = YES;
				CLANG_WARN_DIRECT_OBJC_ISA_USAGE = YES_ERROR;
				CLANG_WARN_DOCUMENTATION_COMMENTS = YES;
				CLANG_WARN_EMPTY_BODY = YES;
				CLANG_WARN_ENUM_CONVERSION = YES;
				CLANG_WARN_INFINITE_RECURSION = YES;
				CLANG_WARN_INT_CONVERSION = YES;
				CLANG_WARN_NON_LITERAL_NULL_CONVERSION = YES;
				CLANG_WARN_OBJC_IMPLICIT_RETAIN_SELF = YES;
				CLANG_WARN_OBJC_LITERAL_CONVERSION = YES;
				CLANG_WARN_OBJC_ROOT_CLASS = YES_ERROR;
				CLANG_WARN_RANGE_LOOP_ANALYSIS = YES;
				CLANG_WARN_STRICT_PROTOTYPES = YES;
				CLANG_WARN_SUSPICIOUS_MOVE = YES;
				CLANG_WARN_UNGUARDED_AVAILABILITY = YES_AGGRESSIVE;
				CLANG_WARN_UNREACHABLE_CODE = YES;
				CLANG_WARN__DUPLICATE_METHOD_MATCH = YES;
				COPY_PHASE_STRIP = NO;
				DEBUG_INFORMATION_FORMAT = "dwarf-with-dsym";
				ENABLE_NS_ASSERTIONS = NO;
				ENABLE_STRICT_OBJC_MSGSEND = YES;
				GCC_C_LANGUAGE_STANDARD = gnu11;
				GCC_NO_COMMON_BLOCKS = YES;
				GCC_WARN_64_TO_32_BIT_CONVERSION = YES;
				GCC_WARN_ABOUT_RETURN_TYPE = YES_ERROR;
				GCC_WARN_UNDECLARED_SELECTOR = YES;
				GCC_WARN_UNINITIALIZED_AUTOS = YES_AGGRESSIVE;
				GCC_WARN_UNUSED_FUNCTION = YES;
				GCC_WARN_UNUSED_VARIABLE = YES;
				IPHONEOS_DEPLOYMENT_TARGET = 13.4;
				MTL_ENABLE_DEBUG_INFO = NO;
				MTL_FAST_MATH = YES;
				SDKROOT = iphoneos;
				SWIFT_COMPILATION_MODE = wholemodule;
				SWIFT_OPTIMIZATION_LEVEL = "-O";
				VALIDATE_PRODUCT = YES;
			};
			name = Release;
		};
		887BA3CD247A4A29009DCCE3 /* Debug */ = {
			isa = XCBuildConfiguration;
			baseConfigurationReference = C12F9AABB3D7FEEF43272273 /* Pods-Teddy seller.debug.xcconfig */;
			buildSettings = {
				ASSETCATALOG_COMPILER_APPICON_NAME = AppIcon;
				CODE_SIGN_STYLE = Automatic;
				DEVELOPMENT_TEAM = 44ZWCLCJ2W;
				INFOPLIST_FILE = "Teddy seller/Info.plist";
				IPHONEOS_DEPLOYMENT_TARGET = 13.0;
				LD_RUNPATH_SEARCH_PATHS = (
					"$(inherited)",
					"@executable_path/Frameworks",
				);
				PRODUCT_BUNDLE_IDENTIFIER = com.pineapple.mrvalter566;
				PRODUCT_NAME = "$(TARGET_NAME)";
				SWIFT_VERSION = 5.0;
				TARGETED_DEVICE_FAMILY = 1;
			};
			name = Debug;
		};
		887BA3CE247A4A29009DCCE3 /* Release */ = {
			isa = XCBuildConfiguration;
			baseConfigurationReference = 288F54939A5637B6C9AD61A9 /* Pods-Teddy seller.release.xcconfig */;
			buildSettings = {
				ASSETCATALOG_COMPILER_APPICON_NAME = AppIcon;
				CODE_SIGN_STYLE = Automatic;
				DEVELOPMENT_TEAM = 44ZWCLCJ2W;
				INFOPLIST_FILE = "Teddy seller/Info.plist";
				IPHONEOS_DEPLOYMENT_TARGET = 13.0;
				LD_RUNPATH_SEARCH_PATHS = (
					"$(inherited)",
					"@executable_path/Frameworks",
				);
				PRODUCT_BUNDLE_IDENTIFIER = com.pineapple.mrvalter566;
				PRODUCT_NAME = "$(TARGET_NAME)";
				SWIFT_VERSION = 5.0;
				TARGETED_DEVICE_FAMILY = 1;
			};
			name = Release;
		};
/* End XCBuildConfiguration section */

/* Begin XCConfigurationList section */
		887BA3B3247A4A22009DCCE3 /* Build configuration list for PBXProject "Teddy seller" */ = {
			isa = XCConfigurationList;
			buildConfigurations = (
				887BA3CA247A4A29009DCCE3 /* Debug */,
				887BA3CB247A4A29009DCCE3 /* Release */,
			);
			defaultConfigurationIsVisible = 0;
			defaultConfigurationName = Release;
		};
		887BA3CC247A4A29009DCCE3 /* Build configuration list for PBXNativeTarget "Teddy seller" */ = {
			isa = XCConfigurationList;
			buildConfigurations = (
				887BA3CD247A4A29009DCCE3 /* Debug */,
				887BA3CE247A4A29009DCCE3 /* Release */,
			);
			defaultConfigurationIsVisible = 0;
			defaultConfigurationName = Release;
		};
/* End XCConfigurationList section */
	};
	rootObject = 887BA3B0247A4A22009DCCE3 /* Project object */;
}
